
Microsoft Visual Studio Solution File, Format Version 12.00
# Visual Studio Version 17
VisualStudioVersion = 17.11.35219.272
MinimumVisualStudioVersion = 10.0.40219.1
Project("{FAE04EC0-301F-11D3-BF4B-00C04F79EFBC}") = "database2", "database2\database2.csproj", "{8DB250F2-1A93-4FB2-A994-49F0DA4EF265}"
EndProject
Global
	GlobalSection(SolutionConfigurationPlatforms) = preSolution
		Debug|Any CPU = Debug|Any CPU
		Release|Any CPU = Release|Any CPU
	EndGlobalSection
	GlobalSection(ProjectConfigurationPlatforms) = postSolution
		{8DB250F2-1A93-4FB2-A994-49F0DA4EF265}.Debug|Any CPU.ActiveCfg = Debug|Any CPU
		{8DB250F2-1A93-4FB2-A994-49F0DA4EF265}.Debug|Any CPU.Build.0 = Debug|Any CPU
		{8DB250F2-1A93-4FB2-A994-49F0DA4EF265}.Release|Any CPU.ActiveCfg = Release|Any CPU
		{8DB250F2-1A93-4FB2-A994-49F0DA4EF265}.Release|Any CPU.Build.0 = Release|Any CPU
	EndGlobalSection
	GlobalSection(SolutionProperties) = preSolution
		HideSolutionNode = FALSE
	EndGlobalSection
	GlobalSection(ExtensibilityGlobals) = postSolution
		SolutionGuid = {C8C610F2-E898-4959-A822-E826D871FDD7}
	EndGlobalSection
EndGlobal
